// !$*UTF8*$!
{
	archiveVersion = 1;
	classes = {
	};
	objectVersion = 56;
	objects = {

/* Begin PBXBuildFile section */
		F521C05929EE6D2A008A5F7C /* AppDelegate.swift in Sources */ = {isa = PBXBuildFile; fileRef = F521C05829EE6D2A008A5F7C /* AppDelegate.swift */; };
		F521C05B29EE6D2A008A5F7C /* SceneDelegate.swift in Sources */ = {isa = PBXBuildFile; fileRef = F521C05A29EE6D2A008A5F7C /* SceneDelegate.swift */; };
		F521C05D29EE6D2A008A5F7C /* ViewController.swift in Sources */ = {isa = PBXBuildFile; fileRef = F521C05C29EE6D2A008A5F7C /* ViewController.swift */; };
		F521C06029EE6D2A008A5F7C /* Main.storyboard in Resources */ = {isa = PBXBuildFile; fileRef = F521C05E29EE6D2A008A5F7C /* Main.storyboard */; };
		F521C06229EE6D2B008A5F7C /* Assets.xcassets in Resources */ = {isa = PBXBuildFile; fileRef = F521C06129EE6D2B008A5F7C /* Assets.xcassets */; };
		F521C06529EE6D2B008A5F7C /* LaunchScreen.storyboard in Resources */ = {isa = PBXBuildFile; fileRef = F521C06329EE6D2B008A5F7C /* LaunchScreen.storyboard */; };
		F521C06E29EE6E65008A5F7C /* SnapKit in Frameworks */ = {isa = PBXBuildFile; productRef = F521C06D29EE6E65008A5F7C /* SnapKit */; };
		F5532C7129F96BFF006B98A5 /* SwifterSwift in Frameworks */ = {isa = PBXBuildFile; productRef = F5532C7029F96BFF006B98A5 /* SwifterSwift */; };
		F575761F2A0A229C00AD8D2F /* AnimalDetailViewController.swift in Sources */ = {isa = PBXBuildFile; fileRef = F575761E2A0A229C00AD8D2F /* AnimalDetailViewController.swift */; };
		F57576232A0B705E00AD8D2F /* NotificationTableViewCell.swift in Sources */ = {isa = PBXBuildFile; fileRef = F57576222A0B705E00AD8D2F /* NotificationTableViewCell.swift */; };
		F5FB2ACE2A0B83360068F045 /* FollowButton.swift in Sources */ = {isa = PBXBuildFile; fileRef = F5FB2ACD2A0B83360068F045 /* FollowButton.swift */; };
		F5FB2AD02A11F9A90068F045 /* HomeViewController.swift in Sources */ = {isa = PBXBuildFile; fileRef = F5FB2ACF2A11F9A90068F045 /* HomeViewController.swift */; };
		F5FB2AD22A11FA2D0068F045 /* ProfileViewController.swift in Sources */ = {isa = PBXBuildFile; fileRef = F5FB2AD12A11FA2D0068F045 /* ProfileViewController.swift */; };
/* End PBXBuildFile section */

/* Begin PBXFileReference section */
		F521C05529EE6D2A008A5F7C /* Demo.app */ = {isa = PBXFileReference; explicitFileType = wrapper.application; includeInIndex = 0; path = Demo.app; sourceTree = BUILT_PRODUCTS_DIR; };
		F521C05829EE6D2A008A5F7C /* AppDelegate.swift */ = {isa = PBXFileReference; lastKnownFileType = sourcecode.swift; path = AppDelegate.swift; sourceTree = "<group>"; };
		F521C05A29EE6D2A008A5F7C /* SceneDelegate.swift */ = {isa = PBXFileReference; lastKnownFileType = sourcecode.swift; path = SceneDelegate.swift; sourceTree = "<group>"; };
		F521C05C29EE6D2A008A5F7C /* ViewController.swift */ = {isa = PBXFileReference; lastKnownFileType = sourcecode.swift; path = ViewController.swift; sourceTree = "<group>"; };
		F521C05F29EE6D2A008A5F7C /* Base */ = {isa = PBXFileReference; lastKnownFileType = file.storyboard; name = Base; path = Base.lproj/Main.storyboard; sourceTree = "<group>"; };
		F521C06129EE6D2B008A5F7C /* Assets.xcassets */ = {isa = PBXFileReference; lastKnownFileType = folder.assetcatalog; path = Assets.xcassets; sourceTree = "<group>"; };
		F521C06429EE6D2B008A5F7C /* Base */ = {isa = PBXFileReference; lastKnownFileType = file.storyboard; name = Base; path = Base.lproj/LaunchScreen.storyboard; sourceTree = "<group>"; };
		F521C06629EE6D2B008A5F7C /* Info.plist */ = {isa = PBXFileReference; lastKnownFileType = text.plist.xml; path = Info.plist; sourceTree = "<group>"; };
		F575761E2A0A229C00AD8D2F /* AnimalDetailViewController.swift */ = {isa = PBXFileReference; lastKnownFileType = sourcecode.swift; path = AnimalDetailViewController.swift; sourceTree = "<group>"; };
		F57576222A0B705E00AD8D2F /* NotificationTableViewCell.swift */ = {isa = PBXFileReference; lastKnownFileType = sourcecode.swift; path = NotificationTableViewCell.swift; sourceTree = "<group>"; };
		F5FB2ACD2A0B83360068F045 /* FollowButton.swift */ = {isa = PBXFileReference; lastKnownFileType = sourcecode.swift; path = FollowButton.swift; sourceTree = "<group>"; };
		F5FB2ACF2A11F9A90068F045 /* HomeViewController.swift */ = {isa = PBXFileReference; lastKnownFileType = sourcecode.swift; path = HomeViewController.swift; sourceTree = "<group>"; };
		F5FB2AD12A11FA2D0068F045 /* ProfileViewController.swift */ = {isa = PBXFileReference; lastKnownFileType = sourcecode.swift; path = ProfileViewController.swift; sourceTree = "<group>"; };
/* End PBXFileReference section */

/* Begin PBXFrameworksBuildPhase section */
		F521C05229EE6D2A008A5F7C /* Frameworks */ = {
			isa = PBXFrameworksBuildPhase;
			buildActionMask = 2147483647;
			files = (
			);
			runOnlyForDeploymentPostprocessing = 0;
		};
/* End PBXFrameworksBuildPhase section */

/* Begin PBXGroup section */
		F521C04C29EE6D2A008A5F7C = {
			isa = PBXGroup;
			children = (
				F521C05729EE6D2A008A5F7C /* Demo */,
				F521C05629EE6D2A008A5F7C /* Products */,
			);
			sourceTree = "<group>";
		};
		F521C05629EE6D2A008A5F7C /* Products */ = {
			isa = PBXGroup;
			children = (
				F521C05529EE6D2A008A5F7C /* Demo.app */,
			);
			name = Products;
			sourceTree = "<group>";
		};
		F521C05729EE6D2A008A5F7C /* Demo */ = {
			isa = PBXGroup;
			children = (
				F521C05829EE6D2A008A5F7C /* AppDelegate.swift */,
				F521C05A29EE6D2A008A5F7C /* SceneDelegate.swift */,
				F521C05C29EE6D2A008A5F7C /* ViewController.swift */,
				F5FB2ACF2A11F9A90068F045 /* HomeViewController.swift */,
				F5FB2AD12A11FA2D0068F045 /* ProfileViewController.swift */,
				F57576222A0B705E00AD8D2F /* NotificationTableViewCell.swift */,
				F5FB2ACD2A0B83360068F045 /* FollowButton.swift */,
				F575761E2A0A229C00AD8D2F /* AnimalDetailViewController.swift */,
				F521C05E29EE6D2A008A5F7C /* Main.storyboard */,
				F521C06129EE6D2B008A5F7C /* Assets.xcassets */,
				F521C06329EE6D2B008A5F7C /* LaunchScreen.storyboard */,
				F521C06629EE6D2B008A5F7C /* Info.plist */,
			);
			path = Demo;
			sourceTree = "<group>";
		};
/* End PBXGroup section */

/* Begin PBXNativeTarget section */
		F521C05429EE6D2A008A5F7C /* Demo */ = {
			isa = PBXNativeTarget;
			buildConfigurationList = F521C06929EE6D2B008A5F7C /* Build configuration list for PBXNativeTarget "Demo" */;
			buildPhases = (
				F521C05129EE6D2A008A5F7C /* Sources */,
				F521C05229EE6D2A008A5F7C /* Frameworks */,
				F521C05329EE6D2A008A5F7C /* Resources */,
			);
			buildRules = (
			);
			dependencies = (
			);
			name = Demo;
			productName = Demo;
			productReference = F521C05529EE6D2A008A5F7C /* Demo.app */;
			productType = "com.apple.product-type.application";
		};
/* End PBXNativeTarget section */

/* Begin PBXProject section */
		F521C04D29EE6D2A008A5F7C /* Project object */ = {
			isa = PBXProject;
			attributes = {
				BuildIndependentTargetsInParallel = 1;
				LastSwiftUpdateCheck = 1420;
				LastUpgradeCheck = 1420;
				TargetAttributes = {
					F521C05429EE6D2A008A5F7C = {
						CreatedOnToolsVersion = 14.2;
					};
				};
			};
			buildConfigurationList = F521C05029EE6D2A008A5F7C /* Build configuration list for PBXProject "Demo" */;
			compatibilityVersion = "Xcode 14.0";
			developmentRegion = en;
			hasScannedForEncodings = 0;
			knownRegions = (
				en,
				Base,
			);
			mainGroup = F521C04C29EE6D2A008A5F7C;
			productRefGroup = F521C05629EE6D2A008A5F7C /* Products */;
			projectDirPath = "";
			projectRoot = "";
			targets = (
				F521C05429EE6D2A008A5F7C /* Demo */,
			);
		};
/* End PBXProject section */

/* Begin PBXResourcesBuildPhase section */
		F521C05329EE6D2A008A5F7C /* Resources */ = {
			isa = PBXResourcesBuildPhase;
			buildActionMask = 2147483647;
			files = (
				F521C06529EE6D2B008A5F7C /* LaunchScreen.storyboard in Resources */,
				F521C06229EE6D2B008A5F7C /* Assets.xcassets in Resources */,
				F521C06029EE6D2A008A5F7C /* Main.storyboard in Resources */,
			);
			runOnlyForDeploymentPostprocessing = 0;
		};
/* End PBXResourcesBuildPhase section */

/* Begin PBXSourcesBuildPhase section */
		F521C05129EE6D2A008A5F7C /* Sources */ = {
			isa = PBXSourcesBuildPhase;
			buildActionMask = 2147483647;
			files = (
				F57576232A0B705E00AD8D2F /* NotificationTableViewCell.swift in Sources */,
				F521C05D29EE6D2A008A5F7C /* ViewController.swift in Sources */,
				F5FB2ACE2A0B83360068F045 /* FollowButton.swift in Sources */,
				F521C05929EE6D2A008A5F7C /* AppDelegate.swift in Sources */,
				F575761F2A0A229C00AD8D2F /* AnimalDetailViewController.swift in Sources */,
				F5FB2AD02A11F9A90068F045 /* HomeViewController.swift in Sources */,
				F5FB2AD22A11FA2D0068F045 /* ProfileViewController.swift in Sources */,
				F521C05B29EE6D2A008A5F7C /* SceneDelegate.swift in Sources */,
			);
			runOnlyForDeploymentPostprocessing = 0;
		};
/* End PBXSourcesBuildPhase section */

/* Begin PBXVariantGroup section */
		F521C05E29EE6D2A008A5F7C /* Main.storyboard */ = {
			isa = PBXVariantGroup;
			children = (
				F521C05F29EE6D2A008A5F7C /* Base */,
			);
			name = Main.storyboard;
			sourceTree = "<group>";
		};
		F521C06329EE6D2B008A5F7C /* LaunchScreen.storyboard */ = {
			isa = PBXVariantGroup;
			children = (
				F521C06429EE6D2B008A5F7C /* Base */,
			);
			name = LaunchScreen.storyboard;
			sourceTree = "<group>";
		};
/* End PBXVariantGroup section */

/* Begin XCBuildConfiguration section */
		F521C06729EE6D2B008A5F7C /* Debug */ = {
			isa = XCBuildConfiguration;
			buildSettings = {
				ALWAYS_SEARCH_USER_PATHS = NO;
				CLANG_ANALYZER_NONNULL = YES;
				CLANG_ANALYZER_NUMBER_OBJECT_CONVERSION = YES_AGGRESSIVE;
				CLANG_CXX_LANGUAGE_STANDARD = "gnu++20";
				CLANG_ENABLE_MODULES = YES;
				CLANG_ENABLE_OBJC_ARC = YES;
				CLANG_ENABLE_OBJC_WEAK = YES;
				CLANG_WARN_BLOCK_CAPTURE_AUTORELEASING = YES;
				CLANG_WARN_BOOL_CONVERSION = YES;
				CLANG_WARN_COMMA = YES;
				CLANG_WARN_CONSTANT_CONVERSION = YES;
				CLANG_WARN_DEPRECATED_OBJC_IMPLEMENTATIONS = YES;
				CLANG_WARN_DIRECT_OBJC_ISA_USAGE = YES_ERROR;
				CLANG_WARN_DOCUMENTATION_COMMENTS = YES;
				CLANG_WARN_EMPTY_BODY = YES;
				CLANG_WARN_ENUM_CONVERSION = YES;
				CLANG_WARN_INFINITE_RECURSION = YES;
				CLANG_WARN_INT_CONVERSION = YES;
				CLANG_WARN_NON_LITERAL_NULL_CONVERSION = YES;
				CLANG_WARN_OBJC_IMPLICIT_RETAIN_SELF = YES;
				CLANG_WARN_OBJC_LITERAL_CONVERSION = YES;
				CLANG_WARN_OBJC_ROOT_CLASS = YES_ERROR;
				CLANG_WARN_QUOTED_INCLUDE_IN_FRAMEWORK_HEADER = YES;
				CLANG_WARN_RANGE_LOOP_ANALYSIS = YES;
				CLANG_WARN_STRICT_PROTOTYPES = YES;
				CLANG_WARN_SUSPICIOUS_MOVE = YES;
				CLANG_WARN_UNGUARDED_AVAILABILITY = YES_AGGRESSIVE;
				CLANG_WARN_UNREACHABLE_CODE = YES;
				CLANG_WARN__DUPLICATE_METHOD_MATCH = YES;
				COPY_PHASE_STRIP = NO;
				DEBUG_INFORMATION_FORMAT = dwarf;
				ENABLE_STRICT_OBJC_MSGSEND = YES;
				ENABLE_TESTABILITY = YES;
				GCC_C_LANGUAGE_STANDARD = gnu11;
				GCC_DYNAMIC_NO_PIC = NO;
				GCC_NO_COMMON_BLOCKS = YES;
				GCC_OPTIMIZATION_LEVEL = 0;
				GCC_PREPROCESSOR_DEFINITIONS = (
					"DEBUG=1",
					"$(inherited)",
				);
				GCC_WARN_64_TO_32_BIT_CONVERSION = YES;
				GCC_WARN_ABOUT_RETURN_TYPE = YES_ERROR;
				GCC_WARN_UNDECLARED_SELECTOR = YES;
				GCC_WARN_UNINITIALIZED_AUTOS = YES_AGGRESSIVE;
				GCC_WARN_UNUSED_FUNCTION = YES;
				GCC_WARN_UNUSED_VARIABLE = YES;
				IPHONEOS_DEPLOYMENT_TARGET = 16.2;
				MTL_ENABLE_DEBUG_INFO = INCLUDE_SOURCE;
				MTL_FAST_MATH = YES;
				ONLY_ACTIVE_ARCH = YES;
				SDKROOT = iphoneos;
				SWIFT_ACTIVE_COMPILATION_CONDITIONS = DEBUG;
				SWIFT_OPTIMIZATION_LEVEL = "-Onone";
			};
			name = Debug;
		};
		F521C06829EE6D2B008A5F7C /* Release */ = {
			isa = XCBuildConfiguration;
			buildSettings = {
				ALWAYS_SEARCH_USER_PATHS = NO;
				CLANG_ANALYZER_NONNULL = YES;
				CLANG_ANALYZER_NUMBER_OBJECT_CONVERSION = YES_AGGRESSIVE;
				CLANG_CXX_LANGUAGE_STANDARD = "gnu++20";
				CLANG_ENABLE_MODULES = YES;
				CLANG_ENABLE_OBJC_ARC = YES;
				CLANG_ENABLE_OBJC_WEAK = YES;
				CLANG_WARN_BLOCK_CAPTURE_AUTORELEASING = YES;
				CLANG_WARN_BOOL_CONVERSION = YES;
				CLANG_WARN_COMMA = YES;
				CLANG_WARN_CONSTANT_CONVERSION = YES;
				CLANG_WARN_DEPRECATED_OBJC_IMPLEMENTATIONS = YES;
				CLANG_WARN_DIRECT_OBJC_ISA_USAGE = YES_ERROR;
				CLANG_WARN_DOCUMENTATION_COMMENTS = YES;
				CLANG_WARN_EMPTY_BODY = YES;
				CLANG_WARN_ENUM_CONVERSION = YES;
				CLANG_WARN_INFINITE_RECURSION = YES;
				CLANG_WARN_INT_CONVERSION = YES;
				CLANG_WARN_NON_LITERAL_NULL_CONVERSION = YES;
				CLANG_WARN_OBJC_IMPLICIT_RETAIN_SELF = YES;
				CLANG_WARN_OBJC_LITERAL_CONVERSION = YES;
				CLANG_WARN_OBJC_ROOT_CLASS = YES_ERROR;
				CLANG_WARN_QUOTED_INCLUDE_IN_FRAMEWORK_HEADER = YES;
				CLANG_WARN_RANGE_LOOP_ANALYSIS = YES;
				CLANG_WARN_STRICT_PROTOTYPES = YES;
				CLANG_WARN_SUSPICIOUS_MOVE = YES;
				CLANG_WARN_UNGUARDED_AVAILABILITY = YES_AGGRESSIVE;
				CLANG_WARN_UNREACHABLE_CODE = YES;
				CLANG_WARN__DUPLICATE_METHOD_MATCH = YES;
				COPY_PHASE_STRIP = NO;
				DEBUG_INFORMATION_FORMAT = "dwarf-with-dsym";
				ENABLE_NS_ASSERTIONS = NO;
				ENABLE_STRICT_OBJC_MSGSEND = YES;
				GCC_C_LANGUAGE_STANDARD = gnu11;
				GCC_NO_COMMON_BLOCKS = YES;
				GCC_WARN_64_TO_32_BIT_CONVERSION = YES;
				GCC_WARN_ABOUT_RETURN_TYPE = YES_ERROR;
				GCC_WARN_UNDECLARED_SELECTOR = YES;
				GCC_WARN_UNINITIALIZED_AUTOS = YES_AGGRESSIVE;
				GCC_WARN_UNUSED_FUNCTION = YES;
				GCC_WARN_UNUSED_VARIABLE = YES;
				IPHONEOS_DEPLOYMENT_TARGET = 16.2;
				MTL_ENABLE_DEBUG_INFO = NO;
				MTL_FAST_MATH = YES;
				SDKROOT = iphoneos;
				SWIFT_COMPILATION_MODE = wholemodule;
				SWIFT_OPTIMIZATION_LEVEL = "-O";
				VALIDATE_PRODUCT = YES;
			};
			name = Release;
		};
		F521C06A29EE6D2B008A5F7C /* Debug */ = {
			isa = XCBuildConfiguration;
			buildSettings = {
				ASSETCATALOG_COMPILER_APPICON_NAME = AppIcon;
				ASSETCATALOG_COMPILER_GLOBAL_ACCENT_COLOR_NAME = AccentColor;
				CODE_SIGN_STYLE = Automatic;
				CURRENT_PROJECT_VERSION = 1;
				DEVELOPMENT_TEAM = H684NQZS4N;
				GENERATE_INFOPLIST_FILE = YES;
				INFOPLIST_FILE = Demo/Info.plist;
				INFOPLIST_KEY_UIApplicationSupportsIndirectInputEvents = YES;
				INFOPLIST_KEY_UILaunchStoryboardName = LaunchScreen;
				INFOPLIST_KEY_UIMainStoryboardFile = Main;
				INFOPLIST_KEY_UISupportedInterfaceOrientations_iPad = "UIInterfaceOrientationPortrait UIInterfaceOrientationPortraitUpsideDown UIInterfaceOrientationLandscapeLeft UIInterfaceOrientationLandscapeRight";
				INFOPLIST_KEY_UISupportedInterfaceOrientations_iPhone = "UIInterfaceOrientationPortrait UIInterfaceOrientationLandscapeLeft UIInterfaceOrientationLandscapeRight";
				LD_RUNPATH_SEARCH_PATHS = (
					"$(inherited)",
					"@executable_path/Frameworks",
				);
				MARKETING_VERSION = 1.0;
				PRODUCT_BUNDLE_IDENTIFIER = com.joanna.Demo;
				PRODUCT_NAME = "$(TARGET_NAME)";
				SWIFT_EMIT_LOC_STRINGS = YES;
				SWIFT_VERSION = 5.0;
				TARGETED_DEVICE_FAMILY = "1,2";
			};
			name = Debug;
		};
		F521C06B29EE6D2B008A5F7C /* Release */ = {
			isa = XCBuildConfiguration;
			buildSettings = {
				ASSETCATALOG_COMPILER_APPICON_NAME = AppIcon;
				ASSETCATALOG_COMPILER_GLOBAL_ACCENT_COLOR_NAME = AccentColor;
				CODE_SIGN_STYLE = Automatic;
				CURRENT_PROJECT_VERSION = 1;
				DEVELOPMENT_TEAM = H684NQZS4N;
				GENERATE_INFOPLIST_FILE = YES;
				INFOPLIST_FILE = Demo/Info.plist;
				INFOPLIST_KEY_UIApplicationSupportsIndirectInputEvents = YES;
				INFOPLIST_KEY_UILaunchStoryboardName = LaunchScreen;
				INFOPLIST_KEY_UIMainStoryboardFile = Main;
				INFOPLIST_KEY_UISupportedInterfaceOrientations_iPad = "UIInterfaceOrientationPortrait UIInterfaceOrientationPortraitUpsideDown UIInterfaceOrientationLandscapeLeft UIInterfaceOrientationLandscapeRight";
				INFOPLIST_KEY_UISupportedInterfaceOrientations_iPhone = "UIInterfaceOrientationPortrait UIInterfaceOrientationLandscapeLeft UIInterfaceOrientationLandscapeRight";
				LD_RUNPATH_SEARCH_PATHS = (
					"$(inherited)",
					"@executable_path/Frameworks",
				);
				MARKETING_VERSION = 1.0;
				PRODUCT_BUNDLE_IDENTIFIER = com.joanna.Demo;
				PRODUCT_NAME = "$(TARGET_NAME)";
				SWIFT_EMIT_LOC_STRINGS = YES;
				SWIFT_VERSION = 5.0;
				TARGETED_DEVICE_FAMILY = "1,2";
			};
			name = Release;
		};
/* End XCBuildConfiguration section */

/* Begin XCConfigurationList section */
		F521C05029EE6D2A008A5F7C /* Build configuration list for PBXProject "Demo" */ = {
			isa = XCConfigurationList;
			buildConfigurations = (
				F521C06729EE6D2B008A5F7C /* Debug */,
				F521C06829EE6D2B008A5F7C /* Release */,
			);
			defaultConfigurationIsVisible = 0;
			defaultConfigurationName = Release;
		};
		F521C06929EE6D2B008A5F7C /* Build configuration list for PBXNativeTarget "Demo" */ = {
			isa = XCConfigurationList;
			buildConfigurations = (
				F521C06A29EE6D2B008A5F7C /* Debug */,
				F521C06B29EE6D2B008A5F7C /* Release */,
			);
			defaultConfigurationIsVisible = 0;
			defaultConfigurationName = Release;
		};
/* End XCConfigurationList section */
	};
	rootObject = F521C04D29EE6D2A008A5F7C /* Project object */;
}
